
Microsoft Visual Studio Solution File, Format Version 12.00
# Visual Studio 14
VisualStudioVersion = 14.0.25420.1
MinimumVisualStudioVersion = 10.0.40219.1
Project("{FAE04EC0-301F-11D3-BF4B-00C04F79EFBC}") = "RocketFireWeb", "RocketFireWeb\RocketFireWeb.csproj", "{E1316011-5DEA-4809-A554-C0E222E842C7}"
EndProject
Project("{FAE04EC0-301F-11D3-BF4B-00C04F79EFBC}") = "RocketFireWeb.Tests", "RocketFireWeb.Tests\RocketFireWeb.Tests.csproj", "{DD2ED948-AFCB-446B-90AF-20CCBADD729B}"
EndProject
Project("{FAE04EC0-301F-11D3-BF4B-00C04F79EFBC}") = "EarthFire.Model", "EarthFire.Model\EarthFire.Model.csproj", "{1EC2C719-4BAA-42FA-9706-D553428C0044}"
EndProject
Project("{FAE04EC0-301F-11D3-BF4B-00C04F79EFBC}") = "EarthFire.Data", "EarthFire.Data\EarthFire.Data.csproj", "{5073C251-2047-4638-8133-BAEFA5957532}"
EndProject
Global
	GlobalSection(SolutionConfigurationPlatforms) = preSolution
		Debug|Any CPU = Debug|Any CPU
		Release|Any CPU = Release|Any CPU
	EndGlobalSection
	GlobalSection(ProjectConfigurationPlatforms) = postSolution
		{E1316011-5DEA-4809-A554-C0E222E842C7}.Debug|Any CPU.ActiveCfg = Debug|Any CPU
		{E1316011-5DEA-4809-A554-C0E222E842C7}.Debug|Any CPU.Build.0 = Debug|Any CPU
		{E1316011-5DEA-4809-A554-C0E222E842C7}.Release|Any CPU.ActiveCfg = Release|Any CPU
		{E1316011-5DEA-4809-A554-C0E222E842C7}.Release|Any CPU.Build.0 = Release|Any CPU
		{DD2ED948-AFCB-446B-90AF-20CCBADD729B}.Debug|Any CPU.ActiveCfg = Debug|Any CPU
		{DD2ED948-AFCB-446B-90AF-20CCBADD729B}.Debug|Any CPU.Build.0 = Debug|Any CPU
		{DD2ED948-AFCB-446B-90AF-20CCBADD729B}.Release|Any CPU.ActiveCfg = Release|Any CPU
		{DD2ED948-AFCB-446B-90AF-20CCBADD729B}.Release|Any CPU.Build.0 = Release|Any CPU
		{1EC2C719-4BAA-42FA-9706-D553428C0044}.Debug|Any CPU.ActiveCfg = Debug|Any CPU
		{1EC2C719-4BAA-42FA-9706-D553428C0044}.Debug|Any CPU.Build.0 = Debug|Any CPU
		{1EC2C719-4BAA-42FA-9706-D553428C0044}.Release|Any CPU.ActiveCfg = Release|Any CPU
		{1EC2C719-4BAA-42FA-9706-D553428C0044}.Release|Any CPU.Build.0 = Release|Any CPU
		{5073C251-2047-4638-8133-BAEFA5957532}.Debug|Any CPU.ActiveCfg = Debug|Any CPU
		{5073C251-2047-4638-8133-BAEFA5957532}.Debug|Any CPU.Build.0 = Debug|Any CPU
		{5073C251-2047-4638-8133-BAEFA5957532}.Release|Any CPU.ActiveCfg = Release|Any CPU
		{5073C251-2047-4638-8133-BAEFA5957532}.Release|Any CPU.Build.0 = Release|Any CPU
	EndGlobalSection
	GlobalSection(SolutionProperties) = preSolution
		HideSolutionNode = FALSE
	EndGlobalSection
EndGlobal
