
Microsoft Visual Studio Solution File, Format Version 12.00
# Visual Studio 14
VisualStudioVersion = 14.0.25420.1
MinimumVisualStudioVersion = 10.0.40219.1
Project("{FAE04EC0-301F-11D3-BF4B-00C04F79EFBC}") = "RocketFireWeb", "RocketFireWeb\RocketFireWeb.csproj", "{E1316011-5DEA-4809-A554-C0E222E842C7}"
EndProject
Project("{FAE04EC0-301F-11D3-BF4B-00C04F79EFBC}") = "RocketFireWeb.Tests", "RocketFireWeb.Tests\RocketFireWeb.Tests.csproj", "{DD2ED948-AFCB-446B-90AF-20CCBADD729B}"
EndProject
Project("{FAE04EC0-301F-11D3-BF4B-00C04F79EFBC}") = "EarthFire.Model", "EarthFire.Model\EarthFire.Model.csproj", "{1EC2C719-4BAA-42FA-9706-D553428C0044}"
EndProject
Project("{FAE04EC0-301F-11D3-BF4B-00C04F79EFBC}") = "EarthFire.Data", "EarthFire.Data\EarthFire.Data.csproj", "{5073C251-2047-4638-8133-BAEFA5957532}"
EndProject
Project("{2150E333-8FDC-42A3-9474-1A3956D46DE8}") = "RocketGPSLib", "RocketGPSLib", "{8CF1BD44-21A4-4D99-8294-E3B3E654093D}"
EndProject
Project("{FAE04EC0-301F-11D3-BF4B-00C04F79EFBC}") = "RocketGPSMathLib", "RocketGPSMath\RocketGPSMathLib.csproj", "{A70B435E-31D6-4530-951F-7825C5723F7F}"
EndProject
Project("{FAE04EC0-301F-11D3-BF4B-00C04F79EFBC}") = "RocketGPSMathTests", "RocketGPSMathTests\RocketGPSMathTests.csproj", "{F1BFC250-E0B5-44B9-80BF-D7BBF3700391}"
EndProject
Project("{FAE04EC0-301F-11D3-BF4B-00C04F79EFBC}") = "KMLModule", "KMLModule\KMLModule.csproj", "{666252BD-DD2B-44DC-B28F-D269E32436A3}"
EndProject
Project("{FAE04EC0-301F-11D3-BF4B-00C04F79EFBC}") = "KMLModuleTests", "KMLModuleTests\KMLModuleTests.csproj", "{0D51B6B9-92C9-4ECB-B156-50613585F16D}"
EndProject
Global
	GlobalSection(SolutionConfigurationPlatforms) = preSolution
		Debug|Any CPU = Debug|Any CPU
		Release|Any CPU = Release|Any CPU
	EndGlobalSection
	GlobalSection(ProjectConfigurationPlatforms) = postSolution
		{E1316011-5DEA-4809-A554-C0E222E842C7}.Debug|Any CPU.ActiveCfg = Debug|Any CPU
		{E1316011-5DEA-4809-A554-C0E222E842C7}.Debug|Any CPU.Build.0 = Debug|Any CPU
		{E1316011-5DEA-4809-A554-C0E222E842C7}.Release|Any CPU.ActiveCfg = Release|Any CPU
		{E1316011-5DEA-4809-A554-C0E222E842C7}.Release|Any CPU.Build.0 = Release|Any CPU
		{DD2ED948-AFCB-446B-90AF-20CCBADD729B}.Debug|Any CPU.ActiveCfg = Debug|Any CPU
		{DD2ED948-AFCB-446B-90AF-20CCBADD729B}.Debug|Any CPU.Build.0 = Debug|Any CPU
		{DD2ED948-AFCB-446B-90AF-20CCBADD729B}.Release|Any CPU.ActiveCfg = Release|Any CPU
		{DD2ED948-AFCB-446B-90AF-20CCBADD729B}.Release|Any CPU.Build.0 = Release|Any CPU
		{1EC2C719-4BAA-42FA-9706-D553428C0044}.Debug|Any CPU.ActiveCfg = Debug|Any CPU
		{1EC2C719-4BAA-42FA-9706-D553428C0044}.Debug|Any CPU.Build.0 = Debug|Any CPU
		{1EC2C719-4BAA-42FA-9706-D553428C0044}.Release|Any CPU.ActiveCfg = Release|Any CPU
		{1EC2C719-4BAA-42FA-9706-D553428C0044}.Release|Any CPU.Build.0 = Release|Any CPU
		{5073C251-2047-4638-8133-BAEFA5957532}.Debug|Any CPU.ActiveCfg = Debug|Any CPU
		{5073C251-2047-4638-8133-BAEFA5957532}.Debug|Any CPU.Build.0 = Debug|Any CPU
		{5073C251-2047-4638-8133-BAEFA5957532}.Release|Any CPU.ActiveCfg = Release|Any CPU
		{5073C251-2047-4638-8133-BAEFA5957532}.Release|Any CPU.Build.0 = Release|Any CPU
		{A70B435E-31D6-4530-951F-7825C5723F7F}.Debug|Any CPU.ActiveCfg = Debug|Any CPU
		{A70B435E-31D6-4530-951F-7825C5723F7F}.Debug|Any CPU.Build.0 = Debug|Any CPU
		{A70B435E-31D6-4530-951F-7825C5723F7F}.Release|Any CPU.ActiveCfg = Release|Any CPU
		{A70B435E-31D6-4530-951F-7825C5723F7F}.Release|Any CPU.Build.0 = Release|Any CPU
		{F1BFC250-E0B5-44B9-80BF-D7BBF3700391}.Debug|Any CPU.ActiveCfg = Debug|Any CPU
		{F1BFC250-E0B5-44B9-80BF-D7BBF3700391}.Debug|Any CPU.Build.0 = Debug|Any CPU
		{F1BFC250-E0B5-44B9-80BF-D7BBF3700391}.Release|Any CPU.ActiveCfg = Release|Any CPU
		{F1BFC250-E0B5-44B9-80BF-D7BBF3700391}.Release|Any CPU.Build.0 = Release|Any CPU
		{666252BD-DD2B-44DC-B28F-D269E32436A3}.Debug|Any CPU.ActiveCfg = Debug|Any CPU
		{666252BD-DD2B-44DC-B28F-D269E32436A3}.Debug|Any CPU.Build.0 = Debug|Any CPU
		{666252BD-DD2B-44DC-B28F-D269E32436A3}.Release|Any CPU.ActiveCfg = Release|Any CPU
		{666252BD-DD2B-44DC-B28F-D269E32436A3}.Release|Any CPU.Build.0 = Release|Any CPU
		{0D51B6B9-92C9-4ECB-B156-50613585F16D}.Debug|Any CPU.ActiveCfg = Debug|Any CPU
		{0D51B6B9-92C9-4ECB-B156-50613585F16D}.Debug|Any CPU.Build.0 = Debug|Any CPU
		{0D51B6B9-92C9-4ECB-B156-50613585F16D}.Release|Any CPU.ActiveCfg = Release|Any CPU
		{0D51B6B9-92C9-4ECB-B156-50613585F16D}.Release|Any CPU.Build.0 = Release|Any CPU
	EndGlobalSection
	GlobalSection(SolutionProperties) = preSolution
		HideSolutionNode = FALSE
	EndGlobalSection
	GlobalSection(NestedProjects) = preSolution
		{A70B435E-31D6-4530-951F-7825C5723F7F} = {8CF1BD44-21A4-4D99-8294-E3B3E654093D}
		{F1BFC250-E0B5-44B9-80BF-D7BBF3700391} = {8CF1BD44-21A4-4D99-8294-E3B3E654093D}
		{666252BD-DD2B-44DC-B28F-D269E32436A3} = {8CF1BD44-21A4-4D99-8294-E3B3E654093D}
		{0D51B6B9-92C9-4ECB-B156-50613585F16D} = {8CF1BD44-21A4-4D99-8294-E3B3E654093D}
	EndGlobalSection
EndGlobal
